
Microsoft Visual Studio Solution File, Format Version 11.00
# Visual Studio 2010
Project("{8BC9CEB8-8B4A-11D0-8D11-00A0C91BC942}") = "_inmm", "_inmm\_inmm.vcxproj", "{0E7F0AAC-2C03-4306-893F-747052DE2B4A}"
EndProject
Global
	GlobalSection(SolutionConfigurationPlatforms) = preSolution
		Debug|Win32 = Debug|Win32
		Release|Win32 = Release|Win32
	EndGlobalSection
	GlobalSection(ProjectConfigurationPlatforms) = postSolution
		{0E7F0AAC-2C03-4306-893F-747052DE2B4A}.Debug|Win32.ActiveCfg = Debug|Win32
		{0E7F0AAC-2C03-4306-893F-747052DE2B4A}.Debug|Win32.Build.0 = Debug|Win32
		{0E7F0AAC-2C03-4306-893F-747052DE2B4A}.Release|Win32.ActiveCfg = Release|Win32
		{0E7F0AAC-2C03-4306-893F-747052DE2B4A}.Release|Win32.Build.0 = Release|Win32
	EndGlobalSection
	GlobalSection(SolutionProperties) = preSolution
		HideSolutionNode = FALSE
	EndGlobalSection
EndGlobal
